
Microsoft Visual Studio Solution File, Format Version 12.00
# Visual Studio Version 17
VisualStudioVersion = 17.8.34525.116
MinimumVisualStudioVersion = 10.0.40219.1
Project("{9A19103F-16F7-4668-BE54-9A1E7A4F7556}") = "CustomDNS", "CustomDNS\CustomDNS.csproj", "{A9F89B77-76D6-46FA-94FF-322ADC3D8030}"
EndProject
Project("{840C416C-B8F3-42BC-B0DD-F6BB14C9F8CB}") = "Installer", "Installer\Installer.aiproj", "{204E8B53-1F85-47CE-A3B5-62A93F2BA1C9}"
EndProject
Global
	GlobalSection(SolutionConfigurationPlatforms) = preSolution
		Debug|Any CPU = Debug|Any CPU
		DefaultBuild|Any CPU = DefaultBuild|Any CPU
		Release|Any CPU = Release|Any CPU
	EndGlobalSection
	GlobalSection(ProjectConfigurationPlatforms) = postSolution
		{A9F89B77-76D6-46FA-94FF-322ADC3D8030}.Debug|Any CPU.ActiveCfg = Release|Any CPU
		{A9F89B77-76D6-46FA-94FF-322ADC3D8030}.Debug|Any CPU.Build.0 = Release|Any CPU
		{A9F89B77-76D6-46FA-94FF-322ADC3D8030}.DefaultBuild|Any CPU.ActiveCfg = Debug|Any CPU
		{A9F89B77-76D6-46FA-94FF-322ADC3D8030}.DefaultBuild|Any CPU.Build.0 = Debug|Any CPU
		{A9F89B77-76D6-46FA-94FF-322ADC3D8030}.Release|Any CPU.ActiveCfg = Release|Any CPU
		{A9F89B77-76D6-46FA-94FF-322ADC3D8030}.Release|Any CPU.Build.0 = Release|Any CPU
		{204E8B53-1F85-47CE-A3B5-62A93F2BA1C9}.Debug|Any CPU.ActiveCfg = DefaultBuild
		{204E8B53-1F85-47CE-A3B5-62A93F2BA1C9}.Debug|Any CPU.Build.0 = DefaultBuild
		{204E8B53-1F85-47CE-A3B5-62A93F2BA1C9}.DefaultBuild|Any CPU.ActiveCfg = DefaultBuild
		{204E8B53-1F85-47CE-A3B5-62A93F2BA1C9}.DefaultBuild|Any CPU.Build.0 = DefaultBuild
		{204E8B53-1F85-47CE-A3B5-62A93F2BA1C9}.Release|Any CPU.ActiveCfg = DefaultBuild
		{204E8B53-1F85-47CE-A3B5-62A93F2BA1C9}.Release|Any CPU.Build.0 = DefaultBuild
	EndGlobalSection
	GlobalSection(SolutionProperties) = preSolution
		HideSolutionNode = FALSE
	EndGlobalSection
	GlobalSection(ExtensibilityGlobals) = postSolution
		SolutionGuid = {EAC0E4F2-E0C5-4E30-B761-1BC8932375D1}
	EndGlobalSection
EndGlobal
